
Microsoft Visual Studio Solution File, Format Version 12.00
# Visual Studio Version 17
VisualStudioVersion = 17.11.35327.3
MinimumVisualStudioVersion = 10.0.40219.1
Project("{FAE04EC0-301F-11D3-BF4B-00C04F79EFBC}") = "avancesssss", "avancesssss\avancesssss.csproj", "{FB4ED601-9710-460B-9613-B0BC92C69701}"
EndProject
Global
	GlobalSection(SolutionConfigurationPlatforms) = preSolution
		Debug|Any CPU = Debug|Any CPU
		Release|Any CPU = Release|Any CPU
	EndGlobalSection
	GlobalSection(ProjectConfigurationPlatforms) = postSolution
		{FB4ED601-9710-460B-9613-B0BC92C69701}.Debug|Any CPU.ActiveCfg = Debug|Any CPU
		{FB4ED601-9710-460B-9613-B0BC92C69701}.Debug|Any CPU.Build.0 = Debug|Any CPU
		{FB4ED601-9710-460B-9613-B0BC92C69701}.Release|Any CPU.ActiveCfg = Release|Any CPU
		{FB4ED601-9710-460B-9613-B0BC92C69701}.Release|Any CPU.Build.0 = Release|Any CPU
	EndGlobalSection
	GlobalSection(SolutionProperties) = preSolution
		HideSolutionNode = FALSE
	EndGlobalSection
	GlobalSection(ExtensibilityGlobals) = postSolution
		SolutionGuid = {B425C397-E3F7-4C48-B2AD-566176E65FA6}
	EndGlobalSection
EndGlobal
